schema: '2.0'
stages:
  preprocess_cxr:
    cmd: python scripts\preprocess_cxr.py --nih data\raw\NIH_CXR --pad 
      data\raw\PadChest --out data\processed\cxr
    deps:
    - path: data\raw\NIH_CXR
      hash: md5
      md5: b614b2c1a3fb628436d8708b2ae72d17.dir
      size: 98483959010
      nfiles: 262587
    - path: data\raw\PadChest
      hash: md5
      md5: 13dd7eb1de21a0ef4e14733abc0d6fe7.dir
      size: 525111099
      nfiles: 52
    - path: scripts\preprocess_cxr.py
      hash: md5
      md5: 2e7872b2c3e1f97236856080dec1fc39
      size: 771
    outs:
    - path: data\processed\cxr
      hash: md5
      md5: 5b100928039c3fa9e8d9d45e7b70f1ab.dir
      size: 246
      nfiles: 2
